{
	"name": "automerge-server",
	"version": "0.0.7",
	"lockfileVersion": 2,
	"requires": true,
	"packages": {
		"": {
			"name": "automerge-server",
			"version": "0.0.7",
			"license": "MIT",
			"dependencies": {
				"automerge": "^0.14.2",
				"esm": "^3.0.82"
			}
		},
		"node_modules/automerge": {
			"version": "0.14.2",
			"resolved": "https://registry.npmjs.org/automerge/-/automerge-0.14.2.tgz",
			"integrity": "sha512-shiwuJHCbNRI23WZyIECLV4Ovf3WiAFJ7P9BH4l5gON1In/UUbjcSJKRygtIirObw2UQumeYxp3F2XBdSvQHnA==",
			"dependencies": {
				"immutable": "^3.8.2",
				"transit-immutable-js": "^0.7.0",
				"transit-js": "^0.8.861",
				"uuid": "^3.4.0"
			}
		},
		"node_modules/esm": {
			"version": "3.0.82",
			"resolved": "https://registry.npmjs.org/esm/-/esm-3.0.82.tgz",
			"integrity": "sha512-vakh2il2Q9QdwCUEiFQqtamOANcGATh5OlMRLaXsvOhuuzr/SXdngYw1rwJjesrljbnsq3+UZ5+3Y3uszc/U/w==",
			"engines": {
				"node": ">=6"
			}
		},
		"node_modules/immutable": {
			"version": "3.8.2",
			"resolved": "https://registry.npmjs.org/immutable/-/immutable-3.8.2.tgz",
			"integrity": "sha1-wkOZUUVbs5kT2vKBN28VMOEErfM=",
			"engines": {
				"node": ">=0.10.0"
			}
		},
		"node_modules/transit-immutable-js": {
			"version": "0.7.0",
			"resolved": "https://registry.npmjs.org/transit-immutable-js/-/transit-immutable-js-0.7.0.tgz",
			"integrity": "sha1-mT4lCJtjEf9AIUD1VidtbSUwBdk=",
			"peerDependencies": {
				"immutable": ">= 3",
				"transit-js": ">= 0.8"
			}
		},
		"node_modules/transit-js": {
			"version": "0.8.861",
			"resolved": "https://registry.npmjs.org/transit-js/-/transit-js-0.8.861.tgz",
			"integrity": "sha512-4O9OrYPZw6C0M5gMTvaeOp+xYz6EF79JsyxIvqXHlt+pisSrioJWFOE80N8aCPoJLcNaXF442RZrVtdmd4wkDQ==",
			"engines": {
				"node": ">= 0.10.0"
			}
		},
		"node_modules/uuid": {
			"version": "3.4.0",
			"resolved": "https://registry.npmjs.org/uuid/-/uuid-3.4.0.tgz",
			"integrity": "sha512-HjSDRw6gZE5JMggctHBcjVak08+KEVhSIiDzFnT9S9aegmp85S/bReBVTb4QTFaRNptJ9kuYaNhnbNEOkbKb/A==",
			"deprecated": "Please upgrade  to version 7 or higher.  Older versions may use Math.random() in certain circumstances, which is known to be problematic.  See https://v8.dev/blog/math-random for details.",
			"bin": {
				"uuid": "bin/uuid"
			}
		}
	},
	"dependencies": {
		"automerge": {
			"version": "0.14.2",
			"resolved": "https://registry.npmjs.org/automerge/-/automerge-0.14.2.tgz",
			"integrity": "sha512-shiwuJHCbNRI23WZyIECLV4Ovf3WiAFJ7P9BH4l5gON1In/UUbjcSJKRygtIirObw2UQumeYxp3F2XBdSvQHnA==",
			"requires": {
				"immutable": "^3.8.2",
				"transit-immutable-js": "^0.7.0",
				"transit-js": "^0.8.861",
				"uuid": "^3.4.0"
			}
		},
		"esm": {
			"version": "3.0.82",
			"resolved": "https://registry.npmjs.org/esm/-/esm-3.0.82.tgz",
			"integrity": "sha512-vakh2il2Q9QdwCUEiFQqtamOANcGATh5OlMRLaXsvOhuuzr/SXdngYw1rwJjesrljbnsq3+UZ5+3Y3uszc/U/w=="
		},
		"immutable": {
			"version": "3.8.2",
			"resolved": "https://registry.npmjs.org/immutable/-/immutable-3.8.2.tgz",
			"integrity": "sha1-wkOZUUVbs5kT2vKBN28VMOEErfM="
		},
		"transit-immutable-js": {
			"version": "0.7.0",
			"resolved": "https://registry.npmjs.org/transit-immutable-js/-/transit-immutable-js-0.7.0.tgz",
			"integrity": "sha1-mT4lCJtjEf9AIUD1VidtbSUwBdk=",
			"requires": {}
		},
		"transit-js": {
			"version": "0.8.861",
			"resolved": "https://registry.npmjs.org/transit-js/-/transit-js-0.8.861.tgz",
			"integrity": "sha512-4O9OrYPZw6C0M5gMTvaeOp+xYz6EF79JsyxIvqXHlt+pisSrioJWFOE80N8aCPoJLcNaXF442RZrVtdmd4wkDQ=="
		},
		"uuid": {
			"version": "3.4.0",
			"resolved": "https://registry.npmjs.org/uuid/-/uuid-3.4.0.tgz",
			"integrity": "sha512-HjSDRw6gZE5JMggctHBcjVak08+KEVhSIiDzFnT9S9aegmp85S/bReBVTb4QTFaRNptJ9kuYaNhnbNEOkbKb/A=="
		}
	}
}
