{
	"name": "automerge-client-test",
	"version": "0.0.7",
	"lockfileVersion": 2,
	"requires": true,
	"packages": {
		"": {
			"name": "automerge-client-test",
			"version": "0.0.7",
			"license": "MIT",
			"dependencies": {
				"automerge": "^0.14.2",
				"universal-websocket-client": "^1.0.2"
			}
		},
		"node_modules/async-limiter": {
			"version": "1.0.0",
			"resolved": "https://registry.npmjs.org/async-limiter/-/async-limiter-1.0.0.tgz",
			"integrity": "sha512-jp/uFnooOiO+L211eZOoSyzpOITMXx1rBITauYykG3BRYPu8h0UcxsPNB04RR5vo4Tyz3+ay17tR6JVf9qzYWg=="
		},
		"node_modules/automerge": {
			"version": "0.14.2",
			"resolved": "https://registry.npmjs.org/automerge/-/automerge-0.14.2.tgz",
			"integrity": "sha512-shiwuJHCbNRI23WZyIECLV4Ovf3WiAFJ7P9BH4l5gON1In/UUbjcSJKRygtIirObw2UQumeYxp3F2XBdSvQHnA==",
			"dependencies": {
				"immutable": "^3.8.2",
				"transit-immutable-js": "^0.7.0",
				"transit-js": "^0.8.861",
				"uuid": "^3.4.0"
			}
		},
		"node_modules/immutable": {
			"version": "3.8.2",
			"resolved": "https://registry.npmjs.org/immutable/-/immutable-3.8.2.tgz",
			"integrity": "sha1-wkOZUUVbs5kT2vKBN28VMOEErfM=",
			"engines": {
				"node": ">=0.10.0"
			}
		},
		"node_modules/safe-buffer": {
			"version": "5.1.2",
			"resolved": "https://registry.npmjs.org/safe-buffer/-/safe-buffer-5.1.2.tgz",
			"integrity": "sha512-Gd2UZBJDkXlY7GbJxfsE8/nvKkUEU1G38c1siN6QP6a9PT9MmHB8GnpscSmMJSoF8LOIrt8ud/wPtojys4G6+g=="
		},
		"node_modules/transit-immutable-js": {
			"version": "0.7.0",
			"resolved": "https://registry.npmjs.org/transit-immutable-js/-/transit-immutable-js-0.7.0.tgz",
			"integrity": "sha1-mT4lCJtjEf9AIUD1VidtbSUwBdk=",
			"peerDependencies": {
				"immutable": ">= 3",
				"transit-js": ">= 0.8"
			}
		},
		"node_modules/transit-js": {
			"version": "0.8.861",
			"resolved": "https://registry.npmjs.org/transit-js/-/transit-js-0.8.861.tgz",
			"integrity": "sha512-4O9OrYPZw6C0M5gMTvaeOp+xYz6EF79JsyxIvqXHlt+pisSrioJWFOE80N8aCPoJLcNaXF442RZrVtdmd4wkDQ==",
			"engines": {
				"node": ">= 0.10.0"
			}
		},
		"node_modules/ultron": {
			"version": "1.1.1",
			"resolved": "https://registry.npmjs.org/ultron/-/ultron-1.1.1.tgz",
			"integrity": "sha512-UIEXBNeYmKptWH6z8ZnqTeS8fV74zG0/eRU9VGkpzz+LIJNs8W/zM/L+7ctCkRrgbNnnR0xxw4bKOr0cW0N0Og=="
		},
		"node_modules/universal-websocket-client": {
			"version": "1.0.2",
			"resolved": "https://registry.npmjs.org/universal-websocket-client/-/universal-websocket-client-1.0.2.tgz",
			"integrity": "sha512-Pi6BdJtEAISb77GTbOLBLIWdYGezXgnJejrVBYKXxzNTsLcjJS+mWIJ2BRZElSlOG/wc7+yfOe5y30bzTu3Qqg==",
			"dependencies": {
				"ws": "^3.3.3"
			}
		},
		"node_modules/uuid": {
			"version": "3.4.0",
			"resolved": "https://registry.npmjs.org/uuid/-/uuid-3.4.0.tgz",
			"integrity": "sha512-HjSDRw6gZE5JMggctHBcjVak08+KEVhSIiDzFnT9S9aegmp85S/bReBVTb4QTFaRNptJ9kuYaNhnbNEOkbKb/A==",
			"deprecated": "Please upgrade  to version 7 or higher.  Older versions may use Math.random() in certain circumstances, which is known to be problematic.  See https://v8.dev/blog/math-random for details.",
			"bin": {
				"uuid": "bin/uuid"
			}
		},
		"node_modules/ws": {
			"version": "3.3.3",
			"resolved": "https://registry.npmjs.org/ws/-/ws-3.3.3.tgz",
			"integrity": "sha512-nnWLa/NwZSt4KQJu51MYlCcSQ5g7INpOrOMt4XV8j4dqTXdmlUmSHQ8/oLC069ckre0fRsgfvsKwbTdtKLCDkA==",
			"dependencies": {
				"async-limiter": "~1.0.0",
				"safe-buffer": "~5.1.0",
				"ultron": "~1.1.0"
			}
		}
	},
	"dependencies": {
		"async-limiter": {
			"version": "1.0.0",
			"resolved": "https://registry.npmjs.org/async-limiter/-/async-limiter-1.0.0.tgz",
			"integrity": "sha512-jp/uFnooOiO+L211eZOoSyzpOITMXx1rBITauYykG3BRYPu8h0UcxsPNB04RR5vo4Tyz3+ay17tR6JVf9qzYWg=="
		},
		"automerge": {
			"version": "0.14.2",
			"resolved": "https://registry.npmjs.org/automerge/-/automerge-0.14.2.tgz",
			"integrity": "sha512-shiwuJHCbNRI23WZyIECLV4Ovf3WiAFJ7P9BH4l5gON1In/UUbjcSJKRygtIirObw2UQumeYxp3F2XBdSvQHnA==",
			"requires": {
				"immutable": "^3.8.2",
				"transit-immutable-js": "^0.7.0",
				"transit-js": "^0.8.861",
				"uuid": "^3.4.0"
			}
		},
		"immutable": {
			"version": "3.8.2",
			"resolved": "https://registry.npmjs.org/immutable/-/immutable-3.8.2.tgz",
			"integrity": "sha1-wkOZUUVbs5kT2vKBN28VMOEErfM="
		},
		"safe-buffer": {
			"version": "5.1.2",
			"resolved": "https://registry.npmjs.org/safe-buffer/-/safe-buffer-5.1.2.tgz",
			"integrity": "sha512-Gd2UZBJDkXlY7GbJxfsE8/nvKkUEU1G38c1siN6QP6a9PT9MmHB8GnpscSmMJSoF8LOIrt8ud/wPtojys4G6+g=="
		},
		"transit-immutable-js": {
			"version": "0.7.0",
			"resolved": "https://registry.npmjs.org/transit-immutable-js/-/transit-immutable-js-0.7.0.tgz",
			"integrity": "sha1-mT4lCJtjEf9AIUD1VidtbSUwBdk=",
			"requires": {}
		},
		"transit-js": {
			"version": "0.8.861",
			"resolved": "https://registry.npmjs.org/transit-js/-/transit-js-0.8.861.tgz",
			"integrity": "sha512-4O9OrYPZw6C0M5gMTvaeOp+xYz6EF79JsyxIvqXHlt+pisSrioJWFOE80N8aCPoJLcNaXF442RZrVtdmd4wkDQ=="
		},
		"ultron": {
			"version": "1.1.1",
			"resolved": "https://registry.npmjs.org/ultron/-/ultron-1.1.1.tgz",
			"integrity": "sha512-UIEXBNeYmKptWH6z8ZnqTeS8fV74zG0/eRU9VGkpzz+LIJNs8W/zM/L+7ctCkRrgbNnnR0xxw4bKOr0cW0N0Og=="
		},
		"universal-websocket-client": {
			"version": "1.0.2",
			"resolved": "https://registry.npmjs.org/universal-websocket-client/-/universal-websocket-client-1.0.2.tgz",
			"integrity": "sha512-Pi6BdJtEAISb77GTbOLBLIWdYGezXgnJejrVBYKXxzNTsLcjJS+mWIJ2BRZElSlOG/wc7+yfOe5y30bzTu3Qqg==",
			"requires": {
				"ws": "^3.3.3"
			}
		},
		"uuid": {
			"version": "3.4.0",
			"resolved": "https://registry.npmjs.org/uuid/-/uuid-3.4.0.tgz",
			"integrity": "sha512-HjSDRw6gZE5JMggctHBcjVak08+KEVhSIiDzFnT9S9aegmp85S/bReBVTb4QTFaRNptJ9kuYaNhnbNEOkbKb/A=="
		},
		"ws": {
			"version": "3.3.3",
			"resolved": "https://registry.npmjs.org/ws/-/ws-3.3.3.tgz",
			"integrity": "sha512-nnWLa/NwZSt4KQJu51MYlCcSQ5g7INpOrOMt4XV8j4dqTXdmlUmSHQ8/oLC069ckre0fRsgfvsKwbTdtKLCDkA==",
			"requires": {
				"async-limiter": "~1.0.0",
				"safe-buffer": "~5.1.0",
				"ultron": "~1.1.0"
			}
		}
	}
}
